
Microsoft Visual Studio Solution File, Format Version 12.00
# Visual Studio Version 17
VisualStudioVersion = 17.7.34009.444
MinimumVisualStudioVersion = 10.0.40219.1
Project("{FAE04EC0-301F-11D3-BF4B-00C04F79EFBC}") = "Projekt1", "Projekt1.csproj", "{6BB024E9-BF1B-45F6-92C4-CF9C6FC6E0DF}"
EndProject
Global
	GlobalSection(SolutionConfigurationPlatforms) = preSolution
		Debug|Any CPU = Debug|Any CPU
		Release|Any CPU = Release|Any CPU
	EndGlobalSection
	GlobalSection(ProjectConfigurationPlatforms) = postSolution
		{6BB024E9-BF1B-45F6-92C4-CF9C6FC6E0DF}.Debug|Any CPU.ActiveCfg = Debug|Any CPU
		{6BB024E9-BF1B-45F6-92C4-CF9C6FC6E0DF}.Debug|Any CPU.Build.0 = Debug|Any CPU
		{6BB024E9-BF1B-45F6-92C4-CF9C6FC6E0DF}.Release|Any CPU.ActiveCfg = Release|Any CPU
		{6BB024E9-BF1B-45F6-92C4-CF9C6FC6E0DF}.Release|Any CPU.Build.0 = Release|Any CPU
	EndGlobalSection
	GlobalSection(SolutionProperties) = preSolution
		HideSolutionNode = FALSE
	EndGlobalSection
	GlobalSection(ExtensibilityGlobals) = postSolution
		SolutionGuid = {FEA62C3B-647E-4ECD-88AF-EC65C0F05978}
	EndGlobalSection
EndGlobal
